
Microsoft Visual Studio Solution File, Format Version 12.00
# Visual Studio 2013
VisualStudioVersion = 12.0.31101.0
MinimumVisualStudioVersion = 10.0.40219.1
Project("{FAE04EC0-301F-11D3-BF4B-00C04F79EFBC}") = "RonsHouse.SeoNet.Tests.Web", "RonsHouse.SeoNet.Tests.Web\RonsHouse.SeoNet.Tests.Web.csproj", "{0574B92D-FDEA-466E-BE76-998C5C20830B}"
EndProject
Project("{FAE04EC0-301F-11D3-BF4B-00C04F79EFBC}") = "RonsHouse.SeoNet", "RonsHouse.SeoNet\RonsHouse.SeoNet.csproj", "{0B02808E-557E-4E5F-AB0D-BF8E20003EF8}"
EndProject
Project("{2150E333-8FDC-42A3-9474-1A3956D46DE8}") = "Solution Items", "Solution Items", "{D8707EAC-80FE-4ACC-9D21-AC5CF2035F50}"
	ProjectSection(SolutionItems) = preProject
		..\doc\readme.txt = ..\doc\readme.txt
		..\files\todo.txt = ..\files\todo.txt
	EndProjectSection
EndProject
Global
	GlobalSection(SolutionConfigurationPlatforms) = preSolution
		Debug|Any CPU = Debug|Any CPU
		Release|Any CPU = Release|Any CPU
	EndGlobalSection
	GlobalSection(ProjectConfigurationPlatforms) = postSolution
		{0574B92D-FDEA-466E-BE76-998C5C20830B}.Debug|Any CPU.ActiveCfg = Debug|Any CPU
		{0574B92D-FDEA-466E-BE76-998C5C20830B}.Debug|Any CPU.Build.0 = Debug|Any CPU
		{0574B92D-FDEA-466E-BE76-998C5C20830B}.Release|Any CPU.ActiveCfg = Release|Any CPU
		{0574B92D-FDEA-466E-BE76-998C5C20830B}.Release|Any CPU.Build.0 = Release|Any CPU
		{0B02808E-557E-4E5F-AB0D-BF8E20003EF8}.Debug|Any CPU.ActiveCfg = Debug|Any CPU
		{0B02808E-557E-4E5F-AB0D-BF8E20003EF8}.Debug|Any CPU.Build.0 = Debug|Any CPU
		{0B02808E-557E-4E5F-AB0D-BF8E20003EF8}.Release|Any CPU.ActiveCfg = Release|Any CPU
		{0B02808E-557E-4E5F-AB0D-BF8E20003EF8}.Release|Any CPU.Build.0 = Release|Any CPU
	EndGlobalSection
	GlobalSection(SolutionProperties) = preSolution
		HideSolutionNode = FALSE
	EndGlobalSection
EndGlobal
